
Microsoft Visual Studio Solution File, Format Version 12.00
# Visual Studio Version 17
VisualStudioVersion = 17.9.34616.47
MinimumVisualStudioVersion = 10.0.40219.1
Project("{C9674DCB-5085-4A16-B785-4C70DD1589BD}") = "DE", "DE\DE.dtproj", "{68509CFE-EADF-4ACA-8C11-68030C018AFA}"
EndProject
Global
	GlobalSection(SolutionConfigurationPlatforms) = preSolution
		Development|Default = Development|Default
	EndGlobalSection
	GlobalSection(ProjectConfigurationPlatforms) = postSolution
		{68509CFE-EADF-4ACA-8C11-68030C018AFA}.Development|Default.ActiveCfg = Development
		{68509CFE-EADF-4ACA-8C11-68030C018AFA}.Development|Default.Build.0 = Development
	EndGlobalSection
	GlobalSection(SolutionProperties) = preSolution
		HideSolutionNode = FALSE
	EndGlobalSection
	GlobalSection(ExtensibilityGlobals) = postSolution
		SolutionGuid = {12B30B02-BEC4-4832-9F82-5C7FA452E37B}
	EndGlobalSection
EndGlobal
